
Microsoft Visual Studio Solution File, Format Version 12.00
# Visual Studio Version 17
VisualStudioVersion = 17.0.31903.59
MinimumVisualStudioVersion = 10.0.40219.1
Project("{2150E333-8FDC-42A3-9474-1A3956D46DE8}") = "src", "src", "{253ABC5E-D40E-4CCC-865B-537705DF6A0B}"
EndProject
Project("{2150E333-8FDC-42A3-9474-1A3956D46DE8}") = "test", "test", "{BAF2BEC7-6994-46E9-8833-CB3A607A7D9A}"
EndProject
Project("{FAE04EC0-301F-11D3-BF4B-00C04F79EFBC}") = "Chirp.Razor", "src\Chirp.Razor\Chirp.Razor.csproj", "{29CF5564-35BF-46A7-8699-7DC8B0B10032}"
EndProject
Project("{FAE04EC0-301F-11D3-BF4B-00C04F79EFBC}") = "Chirp.Razor.Tests", "test\Chirp.Razor.Tests\Chirp.Razor.Tests.csproj", "{87DB4112-D787-4863-AA92-DC5F0358A5DC}"
EndProject
Global
	GlobalSection(SolutionConfigurationPlatforms) = preSolution
		Debug|Any CPU = Debug|Any CPU
		Release|Any CPU = Release|Any CPU
	EndGlobalSection
	GlobalSection(SolutionProperties) = preSolution
		HideSolutionNode = FALSE
	EndGlobalSection
	GlobalSection(ProjectConfigurationPlatforms) = postSolution
		{29CF5564-35BF-46A7-8699-7DC8B0B10032}.Debug|Any CPU.ActiveCfg = Debug|Any CPU
		{29CF5564-35BF-46A7-8699-7DC8B0B10032}.Debug|Any CPU.Build.0 = Debug|Any CPU
		{29CF5564-35BF-46A7-8699-7DC8B0B10032}.Release|Any CPU.ActiveCfg = Release|Any CPU
		{29CF5564-35BF-46A7-8699-7DC8B0B10032}.Release|Any CPU.Build.0 = Release|Any CPU
		{87DB4112-D787-4863-AA92-DC5F0358A5DC}.Debug|Any CPU.ActiveCfg = Debug|Any CPU
		{87DB4112-D787-4863-AA92-DC5F0358A5DC}.Debug|Any CPU.Build.0 = Debug|Any CPU
		{87DB4112-D787-4863-AA92-DC5F0358A5DC}.Release|Any CPU.ActiveCfg = Release|Any CPU
		{87DB4112-D787-4863-AA92-DC5F0358A5DC}.Release|Any CPU.Build.0 = Release|Any CPU
	EndGlobalSection
	GlobalSection(NestedProjects) = preSolution
		{87DB4112-D787-4863-AA92-DC5F0358A5DC} = {BAF2BEC7-6994-46E9-8833-CB3A607A7D9A}
	EndGlobalSection
EndGlobal
