
Microsoft Visual Studio Solution File, Format Version 12.00
# Visual Studio Version 17
VisualStudioVersion = 17.0.31903.59
MinimumVisualStudioVersion = 10.0.40219.1
Project("{2150E333-8FDC-42A3-9474-1A3956D46DE8}") = "src", "src", "{253ABC5E-D40E-4CCC-865B-537705DF6A0B}"
EndProject
Project("{2150E333-8FDC-42A3-9474-1A3956D46DE8}") = "test", "test", "{BAF2BEC7-6994-46E9-8833-CB3A607A7D9A}"
EndProject
Project("{FAE04EC0-301F-11D3-BF4B-00C04F79EFBC}") = "Chirp.Web", "src\Chirp.Web\Chirp.Web.csproj", "{29CF5564-35BF-46A7-8699-7DC8B0B10032}"
	ProjectSection(ProjectDependencies) = postProject
		{B2C2A2FC-B650-45A0-9DF9-CFF059C2B81D} = {B2C2A2FC-B650-45A0-9DF9-CFF059C2B81D}
	EndProjectSection
EndProject
Project("{FAE04EC0-301F-11D3-BF4B-00C04F79EFBC}") = "Chirp.Core", "src\Chirp.Core\Chirp.Core.csproj", "{B2C2A2FC-B650-45A0-9DF9-CFF059C2B81D}"
EndProject
Project("{FAE04EC0-301F-11D3-BF4B-00C04F79EFBC}") = "Chirp.Infrastructure", "src\Chirp.Infrastructure\Chirp.Infrastructure.csproj", "{2F0FAD4E-6034-407D-9354-DD2904B68561}"
EndProject
Project("{FAE04EC0-301F-11D3-BF4B-00C04F79EFBC}") = "Chirp.Core.Tests", "test\Chirp.Core.Tests\Chirp.Core.Tests.csproj", "{211DC3CD-3B19-4D90-8F53-01A6A7F5F64C}"
EndProject
Project("{FAE04EC0-301F-11D3-BF4B-00C04F79EFBC}") = "Chirp.Infrastructure.Tests", "test\Chirp.Infrastructure.Tests\Chirp.Infrastructure.Tests.csproj", "{3570BB36-23D0-49E7-9133-94462B7029C4}"
EndProject
Project("{FAE04EC0-301F-11D3-BF4B-00C04F79EFBC}") = "Chirp.Web.Tests", "test\Chirp.Web.Tests\Chirp.Web.Tests.csproj", "{A0E6BCC1-F347-47F4-911F-8F83FEF12416}"
EndProject
Project("{FAE04EC0-301F-11D3-BF4B-00C04F79EFBC}") = "PlaywrightTests", "test\PlaywrightTests\PlaywrightTests.csproj", "{B9B06C20-C44D-4C00-962A-6650C5E4809E}"
EndProject
Global
	GlobalSection(SolutionConfigurationPlatforms) = preSolution
		Debug|Any CPU = Debug|Any CPU
		Release|Any CPU = Release|Any CPU
	EndGlobalSection
	GlobalSection(SolutionProperties) = preSolution
		HideSolutionNode = FALSE
	EndGlobalSection
	GlobalSection(ProjectConfigurationPlatforms) = postSolution
		{29CF5564-35BF-46A7-8699-7DC8B0B10032}.Debug|Any CPU.ActiveCfg = Debug|Any CPU
		{29CF5564-35BF-46A7-8699-7DC8B0B10032}.Debug|Any CPU.Build.0 = Debug|Any CPU
		{29CF5564-35BF-46A7-8699-7DC8B0B10032}.Release|Any CPU.ActiveCfg = Release|Any CPU
		{29CF5564-35BF-46A7-8699-7DC8B0B10032}.Release|Any CPU.Build.0 = Release|Any CPU
		{B2C2A2FC-B650-45A0-9DF9-CFF059C2B81D}.Debug|Any CPU.ActiveCfg = Debug|Any CPU
		{B2C2A2FC-B650-45A0-9DF9-CFF059C2B81D}.Debug|Any CPU.Build.0 = Debug|Any CPU
		{B2C2A2FC-B650-45A0-9DF9-CFF059C2B81D}.Release|Any CPU.ActiveCfg = Release|Any CPU
		{B2C2A2FC-B650-45A0-9DF9-CFF059C2B81D}.Release|Any CPU.Build.0 = Release|Any CPU
		{2F0FAD4E-6034-407D-9354-DD2904B68561}.Debug|Any CPU.ActiveCfg = Debug|Any CPU
		{2F0FAD4E-6034-407D-9354-DD2904B68561}.Debug|Any CPU.Build.0 = Debug|Any CPU
		{2F0FAD4E-6034-407D-9354-DD2904B68561}.Release|Any CPU.ActiveCfg = Release|Any CPU
		{2F0FAD4E-6034-407D-9354-DD2904B68561}.Release|Any CPU.Build.0 = Release|Any CPU
		{211DC3CD-3B19-4D90-8F53-01A6A7F5F64C}.Debug|Any CPU.ActiveCfg = Debug|Any CPU
		{211DC3CD-3B19-4D90-8F53-01A6A7F5F64C}.Debug|Any CPU.Build.0 = Debug|Any CPU
		{211DC3CD-3B19-4D90-8F53-01A6A7F5F64C}.Release|Any CPU.ActiveCfg = Release|Any CPU
		{211DC3CD-3B19-4D90-8F53-01A6A7F5F64C}.Release|Any CPU.Build.0 = Release|Any CPU
		{3570BB36-23D0-49E7-9133-94462B7029C4}.Debug|Any CPU.ActiveCfg = Debug|Any CPU
		{3570BB36-23D0-49E7-9133-94462B7029C4}.Debug|Any CPU.Build.0 = Debug|Any CPU
		{3570BB36-23D0-49E7-9133-94462B7029C4}.Release|Any CPU.ActiveCfg = Release|Any CPU
		{3570BB36-23D0-49E7-9133-94462B7029C4}.Release|Any CPU.Build.0 = Release|Any CPU
		{A0E6BCC1-F347-47F4-911F-8F83FEF12416}.Debug|Any CPU.ActiveCfg = Debug|Any CPU
		{A0E6BCC1-F347-47F4-911F-8F83FEF12416}.Debug|Any CPU.Build.0 = Debug|Any CPU
		{A0E6BCC1-F347-47F4-911F-8F83FEF12416}.Release|Any CPU.ActiveCfg = Release|Any CPU
		{A0E6BCC1-F347-47F4-911F-8F83FEF12416}.Release|Any CPU.Build.0 = Release|Any CPU
		{B9B06C20-C44D-4C00-962A-6650C5E4809E}.Debug|Any CPU.ActiveCfg = Debug|Any CPU
		{B9B06C20-C44D-4C00-962A-6650C5E4809E}.Debug|Any CPU.Build.0 = Debug|Any CPU
		{B9B06C20-C44D-4C00-962A-6650C5E4809E}.Release|Any CPU.ActiveCfg = Release|Any CPU
		{B9B06C20-C44D-4C00-962A-6650C5E4809E}.Release|Any CPU.Build.0 = Release|Any CPU
	EndGlobalSection
	GlobalSection(NestedProjects) = preSolution
		{29CF5564-35BF-46A7-8699-7DC8B0B10032} = {253ABC5E-D40E-4CCC-865B-537705DF6A0B}
		{B2C2A2FC-B650-45A0-9DF9-CFF059C2B81D} = {253ABC5E-D40E-4CCC-865B-537705DF6A0B}
		{2F0FAD4E-6034-407D-9354-DD2904B68561} = {253ABC5E-D40E-4CCC-865B-537705DF6A0B}
		{211DC3CD-3B19-4D90-8F53-01A6A7F5F64C} = {BAF2BEC7-6994-46E9-8833-CB3A607A7D9A}
		{3570BB36-23D0-49E7-9133-94462B7029C4} = {BAF2BEC7-6994-46E9-8833-CB3A607A7D9A}
		{A0E6BCC1-F347-47F4-911F-8F83FEF12416} = {BAF2BEC7-6994-46E9-8833-CB3A607A7D9A}
		{B9B06C20-C44D-4C00-962A-6650C5E4809E} = {BAF2BEC7-6994-46E9-8833-CB3A607A7D9A}
	EndGlobalSection
EndGlobal
